{
  "dependencies": {
    "async": {
      "version": "1.0.0",
      "resolved": "https://registry.npmjs.org/async/-/async-1.0.0.tgz",
      "from": "async@>=1.0.0 <1.1.0"
    },
    "babel-runtime": {
      "version": "6.18.0",
      "resolved": "https://registry.npmjs.org/babel-runtime/-/babel-runtime-6.18.0.tgz",
      "from": "babel-runtime@6.18.0"
    },
    "colors": {
      "version": "1.0.3",
      "resolved": "https://registry.npmjs.org/colors/-/colors-1.0.3.tgz",
      "from": "colors@>=1.0.0 <1.1.0"
    },
    "core-js": {
      "version": "2.4.1",
      "resolved": "https://registry.npmjs.org/core-js/-/core-js-2.4.1.tgz",
      "from": "core-js@>=2.4.0 <3.0.0"
    },
    "cycle": {
      "version": "1.0.3",
      "resolved": "https://registry.npmjs.org/cycle/-/cycle-1.0.3.tgz",
      "from": "cycle@>=1.0.0 <1.1.0"
    },
    "eyes": {
      "version": "0.1.8",
      "resolved": "https://registry.npmjs.org/eyes/-/eyes-0.1.8.tgz",
      "from": "eyes@>=0.1.0 <0.2.0"
    },
    "isstream": {
      "version": "0.1.2",
      "resolved": "https://registry.npmjs.org/isstream/-/isstream-0.1.2.tgz",
      "from": "isstream@>=0.1.0 <0.2.0"
    },
    "pkginfo": {
      "version": "0.3.1",
      "resolved": "https://registry.npmjs.org/pkginfo/-/pkginfo-0.3.1.tgz",
      "from": "pkginfo@>=0.3.0 <0.4.0"
    },
    "regenerator-runtime": {
      "version": "0.9.6",
      "resolved": "https://registry.npmjs.org/regenerator-runtime/-/regenerator-runtime-0.9.6.tgz",
      "from": "regenerator-runtime@>=0.9.5 <0.10.0"
    },
    "stack-trace": {
      "version": "0.0.9",
      "resolved": "https://registry.npmjs.org/stack-trace/-/stack-trace-0.0.9.tgz",
      "from": "stack-trace@>=0.0.0 <0.1.0"
    },
    "winston": {
      "version": "2.1.0",
      "resolved": "https://registry.npmjs.org/winston/-/winston-2.1.0.tgz",
      "from": "winston@2.1.0"
    }
  }
}
